
Microsoft Visual Studio Solution File, Format Version 12.00
# Visual Studio 15
VisualStudioVersion = 15.0.28307.539
MinimumVisualStudioVersion = 10.0.40219.1
Project("{FAE04EC0-301F-11D3-BF4B-00C04F79EFBC}") = "API_QR_Testing", "API_QR_Testing\API_QR_Testing.csproj", "{3326FE54-01B4-4F14-80BB-C56AB5C46917}"
EndProject
Global
	GlobalSection(SolutionConfigurationPlatforms) = preSolution
		Debug|Any CPU = Debug|Any CPU
		Release|Any CPU = Release|Any CPU
	EndGlobalSection
	GlobalSection(ProjectConfigurationPlatforms) = postSolution
		{3326FE54-01B4-4F14-80BB-C56AB5C46917}.Debug|Any CPU.ActiveCfg = Debug|Any CPU
		{3326FE54-01B4-4F14-80BB-C56AB5C46917}.Debug|Any CPU.Build.0 = Debug|Any CPU
		{3326FE54-01B4-4F14-80BB-C56AB5C46917}.Release|Any CPU.ActiveCfg = Release|Any CPU
		{3326FE54-01B4-4F14-80BB-C56AB5C46917}.Release|Any CPU.Build.0 = Release|Any CPU
	EndGlobalSection
	GlobalSection(SolutionProperties) = preSolution
		HideSolutionNode = FALSE
	EndGlobalSection
	GlobalSection(ExtensibilityGlobals) = postSolution
		SolutionGuid = {D57763E4-D057-45B2-9B80-E426FC52200F}
	EndGlobalSection
EndGlobal
